
Microsoft Visual Studio Solution File, Format Version 12.00
# Visual Studio Version 16
VisualStudioVersion = 16.0.31025.194
MinimumVisualStudioVersion = 10.0.40219.1
Project("{FAE04EC0-301F-11D3-BF4B-00C04F79EFBC}") = "WebApplication", "WebApplication\WebApplication.csproj", "{70CA5E87-90F3-420D-A42D-CAFD315CE52D}"
EndProject
Project("{2150E333-8FDC-42A3-9474-1A3956D46DE8}") = "Solution Items", "Solution Items", "{972BB041-780D-4EA9-BEE8-C3ACC13ADD03}"
	ProjectSection(SolutionItems) = preProject
		Directory.Build.props = Directory.Build.props
		global.json = global.json
	EndProjectSection
EndProject
Global
	GlobalSection(SolutionConfigurationPlatforms) = preSolution
		Debug|Any CPU = Debug|Any CPU
		Release|Any CPU = Release|Any CPU
	EndGlobalSection
	GlobalSection(ProjectConfigurationPlatforms) = postSolution
		{70CA5E87-90F3-420D-A42D-CAFD315CE52D}.Debug|Any CPU.ActiveCfg = Debug|Any CPU
		{70CA5E87-90F3-420D-A42D-CAFD315CE52D}.Debug|Any CPU.Build.0 = Debug|Any CPU
		{70CA5E87-90F3-420D-A42D-CAFD315CE52D}.Release|Any CPU.ActiveCfg = Release|Any CPU
		{70CA5E87-90F3-420D-A42D-CAFD315CE52D}.Release|Any CPU.Build.0 = Release|Any CPU
	EndGlobalSection
	GlobalSection(SolutionProperties) = preSolution
		HideSolutionNode = FALSE
	EndGlobalSection
	GlobalSection(ExtensibilityGlobals) = postSolution
		SolutionGuid = {876923F9-4B31-49F5-8290-CE9FDEAE4F26}
	EndGlobalSection
EndGlobal
